
Microsoft Visual Studio Solution File, Format Version 12.00
# Visual Studio Version 16
VisualStudioVersion = 16.0.28803.202
MinimumVisualStudioVersion = 10.0.40219.1
Project("{FAE04EC0-301F-11D3-BF4B-00C04F79EFBC}") = "RazorPagesMovie", "RazorPagesMovie\RazorPagesMovie.csproj", "{04697151-DCC7-4384-9FE7-3835580D6813}"
EndProject
Global
	GlobalSection(SolutionConfigurationPlatforms) = preSolution
		Debug|Any CPU = Debug|Any CPU
		Release|Any CPU = Release|Any CPU
	EndGlobalSection
	GlobalSection(ProjectConfigurationPlatforms) = postSolution
		{04697151-DCC7-4384-9FE7-3835580D6813}.Debug|Any CPU.ActiveCfg = Debug|Any CPU
		{04697151-DCC7-4384-9FE7-3835580D6813}.Debug|Any CPU.Build.0 = Debug|Any CPU
		{04697151-DCC7-4384-9FE7-3835580D6813}.Release|Any CPU.ActiveCfg = Release|Any CPU
		{04697151-DCC7-4384-9FE7-3835580D6813}.Release|Any CPU.Build.0 = Release|Any CPU
	EndGlobalSection
	GlobalSection(SolutionProperties) = preSolution
		HideSolutionNode = FALSE
	EndGlobalSection
	GlobalSection(ExtensibilityGlobals) = postSolution
		SolutionGuid = {3F9A19F3-3B66-4888-ADDD-EF4C3D7B6F54}
	EndGlobalSection
EndGlobal
